
Microsoft Visual Studio Solution File, Format Version 12.00
# Visual Studio 15
VisualStudioVersion = 15.0.27703.2047
MinimumVisualStudioVersion = 10.0.40219.1
Project("{9A19103F-16F7-4668-BE54-9A1E7A4F7556}") = "CarDealer.App", "CarDealer\CarDealer.App.csproj", "{A2F05D13-AB3D-4522-BEA7-902D34F79BDA}"
EndProject
Project("{FAE04EC0-301F-11D3-BF4B-00C04F79EFBC}") = "CarDealer.Data", "CarDealer.Data\CarDealer.Data.csproj", "{0C4B8435-7903-474A-82FC-5109A11D3CD7}"
EndProject
Project("{FAE04EC0-301F-11D3-BF4B-00C04F79EFBC}") = "CarDealer.Models", "CarDealer.Models\CarDealer.Models.csproj", "{766803D5-B124-44D0-8EA2-69E86A8B9537}"
EndProject
Global
	GlobalSection(SolutionConfigurationPlatforms) = preSolution
		Debug|Any CPU = Debug|Any CPU
		Release|Any CPU = Release|Any CPU
	EndGlobalSection
	GlobalSection(ProjectConfigurationPlatforms) = postSolution
		{A2F05D13-AB3D-4522-BEA7-902D34F79BDA}.Debug|Any CPU.ActiveCfg = Debug|Any CPU
		{A2F05D13-AB3D-4522-BEA7-902D34F79BDA}.Debug|Any CPU.Build.0 = Debug|Any CPU
		{A2F05D13-AB3D-4522-BEA7-902D34F79BDA}.Release|Any CPU.ActiveCfg = Release|Any CPU
		{A2F05D13-AB3D-4522-BEA7-902D34F79BDA}.Release|Any CPU.Build.0 = Release|Any CPU
		{0C4B8435-7903-474A-82FC-5109A11D3CD7}.Debug|Any CPU.ActiveCfg = Debug|Any CPU
		{0C4B8435-7903-474A-82FC-5109A11D3CD7}.Debug|Any CPU.Build.0 = Debug|Any CPU
		{0C4B8435-7903-474A-82FC-5109A11D3CD7}.Release|Any CPU.ActiveCfg = Release|Any CPU
		{0C4B8435-7903-474A-82FC-5109A11D3CD7}.Release|Any CPU.Build.0 = Release|Any CPU
		{766803D5-B124-44D0-8EA2-69E86A8B9537}.Debug|Any CPU.ActiveCfg = Debug|Any CPU
		{766803D5-B124-44D0-8EA2-69E86A8B9537}.Debug|Any CPU.Build.0 = Debug|Any CPU
		{766803D5-B124-44D0-8EA2-69E86A8B9537}.Release|Any CPU.ActiveCfg = Release|Any CPU
		{766803D5-B124-44D0-8EA2-69E86A8B9537}.Release|Any CPU.Build.0 = Release|Any CPU
	EndGlobalSection
	GlobalSection(SolutionProperties) = preSolution
		HideSolutionNode = FALSE
	EndGlobalSection
	GlobalSection(ExtensibilityGlobals) = postSolution
		SolutionGuid = {2197F67A-BA23-4C40-A053-EA629FD6B17A}
	EndGlobalSection
EndGlobal
