
Microsoft Visual Studio Solution File, Format Version 12.00
# Visual Studio 15
VisualStudioVersion = 15.0.27004.2002
MinimumVisualStudioVersion = 10.0.40219.1
Project("{FAE04EC0-301F-11D3-BF4B-00C04F79EFBC}") = "P03_SalesDatabase", "P03_SalesDatabase\P03_SalesDatabase.csproj", "{8DF4D559-B2A3-48A1-B789-2CBD07AC55EF}"
EndProject
Project("{FAE04EC0-301F-11D3-BF4B-00C04F79EFBC}") = "P03_SalesDatabase.Data", "P03_SalesDatabase.Data\P03_SalesDatabase.Data.csproj", "{3B89359F-B374-4023-9A1B-37EC6AF9E992}"
EndProject
Global
	GlobalSection(SolutionConfigurationPlatforms) = preSolution
		Debug|Any CPU = Debug|Any CPU
		Release|Any CPU = Release|Any CPU
	EndGlobalSection
	GlobalSection(ProjectConfigurationPlatforms) = postSolution
		{8DF4D559-B2A3-48A1-B789-2CBD07AC55EF}.Debug|Any CPU.ActiveCfg = Debug|Any CPU
		{8DF4D559-B2A3-48A1-B789-2CBD07AC55EF}.Debug|Any CPU.Build.0 = Debug|Any CPU
		{8DF4D559-B2A3-48A1-B789-2CBD07AC55EF}.Release|Any CPU.ActiveCfg = Release|Any CPU
		{8DF4D559-B2A3-48A1-B789-2CBD07AC55EF}.Release|Any CPU.Build.0 = Release|Any CPU
		{3B89359F-B374-4023-9A1B-37EC6AF9E992}.Debug|Any CPU.ActiveCfg = Debug|Any CPU
		{3B89359F-B374-4023-9A1B-37EC6AF9E992}.Debug|Any CPU.Build.0 = Debug|Any CPU
		{3B89359F-B374-4023-9A1B-37EC6AF9E992}.Release|Any CPU.ActiveCfg = Release|Any CPU
		{3B89359F-B374-4023-9A1B-37EC6AF9E992}.Release|Any CPU.Build.0 = Release|Any CPU
	EndGlobalSection
	GlobalSection(SolutionProperties) = preSolution
		HideSolutionNode = FALSE
	EndGlobalSection
	GlobalSection(ExtensibilityGlobals) = postSolution
		SolutionGuid = {E9183B33-B156-4CC9-9973-C2E13123E2B2}
	EndGlobalSection
EndGlobal
